
Microsoft Visual Studio Solution File, Format Version 12.00
# Visual Studio Version 16
VisualStudioVersion = 16.0.29306.81
MinimumVisualStudioVersion = 10.0.40219.1
Project("{FAE04EC0-301F-11D3-BF4B-00C04F79EFBC}") = "Bridge Design Pattern", "Bridge Design Pattern.csproj", "{54D1900D-2EBB-49F4-AE8D-590174501E9E}"
EndProject
Global
	GlobalSection(SolutionConfigurationPlatforms) = preSolution
		Debug|Any CPU = Debug|Any CPU
		Release|Any CPU = Release|Any CPU
	EndGlobalSection
	GlobalSection(ProjectConfigurationPlatforms) = postSolution
		{54D1900D-2EBB-49F4-AE8D-590174501E9E}.Debug|Any CPU.ActiveCfg = Debug|Any CPU
		{54D1900D-2EBB-49F4-AE8D-590174501E9E}.Debug|Any CPU.Build.0 = Debug|Any CPU
		{54D1900D-2EBB-49F4-AE8D-590174501E9E}.Release|Any CPU.ActiveCfg = Release|Any CPU
		{54D1900D-2EBB-49F4-AE8D-590174501E9E}.Release|Any CPU.Build.0 = Release|Any CPU
	EndGlobalSection
	GlobalSection(SolutionProperties) = preSolution
		HideSolutionNode = FALSE
	EndGlobalSection
	GlobalSection(ExtensibilityGlobals) = postSolution
		SolutionGuid = {EA195613-0F1F-4172-AA5B-B2A8AE36225C}
	EndGlobalSection
EndGlobal
